
Microsoft Visual Studio Solution File, Format Version 12.00
# Visual Studio Version 17
VisualStudioVersion = 17.12.35707.178
MinimumVisualStudioVersion = 10.0.40219.1
Project("{FAE04EC0-301F-11D3-BF4B-00C04F79EFBC}") = "CalculatorApp", "CalculatorApp\CalculatorApp.csproj", "{B980F13F-4D98-4176-82E8-770F5FBB4844}"
EndProject
Project("{FAE04EC0-301F-11D3-BF4B-00C04F79EFBC}") = "CalculatorLibrary", "CalculatorLibrary\CalculatorLibrary.csproj", "{63000F2D-EBA3-4F76-9BCC-3E6E997866A1}"
EndProject
Project("{FAE04EC0-301F-11D3-BF4B-00C04F79EFBC}") = "CalculatorTests", "CalculatorTests\CalculatorTests.csproj", "{243DBF41-761B-448C-8B2B-F5DCE8027A7B}"
EndProject
Project("{FAE04EC0-301F-11D3-BF4B-00C04F79EFBC}") = "CalculatorUI2", "CalculatorUI2\CalculatorUI2.csproj", "{8BA6BDAC-3F53-4FAC-8A02-D2EF0CADA637}"
EndProject
Global
	GlobalSection(SolutionConfigurationPlatforms) = preSolution
		Debug|Any CPU = Debug|Any CPU
		Release|Any CPU = Release|Any CPU
	EndGlobalSection
	GlobalSection(ProjectConfigurationPlatforms) = postSolution
		{B980F13F-4D98-4176-82E8-770F5FBB4844}.Debug|Any CPU.ActiveCfg = Debug|Any CPU
		{B980F13F-4D98-4176-82E8-770F5FBB4844}.Debug|Any CPU.Build.0 = Debug|Any CPU
		{B980F13F-4D98-4176-82E8-770F5FBB4844}.Release|Any CPU.ActiveCfg = Release|Any CPU
		{B980F13F-4D98-4176-82E8-770F5FBB4844}.Release|Any CPU.Build.0 = Release|Any CPU
		{63000F2D-EBA3-4F76-9BCC-3E6E997866A1}.Debug|Any CPU.ActiveCfg = Debug|Any CPU
		{63000F2D-EBA3-4F76-9BCC-3E6E997866A1}.Debug|Any CPU.Build.0 = Debug|Any CPU
		{63000F2D-EBA3-4F76-9BCC-3E6E997866A1}.Release|Any CPU.ActiveCfg = Release|Any CPU
		{63000F2D-EBA3-4F76-9BCC-3E6E997866A1}.Release|Any CPU.Build.0 = Release|Any CPU
		{243DBF41-761B-448C-8B2B-F5DCE8027A7B}.Debug|Any CPU.ActiveCfg = Debug|Any CPU
		{243DBF41-761B-448C-8B2B-F5DCE8027A7B}.Debug|Any CPU.Build.0 = Debug|Any CPU
		{243DBF41-761B-448C-8B2B-F5DCE8027A7B}.Release|Any CPU.ActiveCfg = Release|Any CPU
		{243DBF41-761B-448C-8B2B-F5DCE8027A7B}.Release|Any CPU.Build.0 = Release|Any CPU
		{8BA6BDAC-3F53-4FAC-8A02-D2EF0CADA637}.Debug|Any CPU.ActiveCfg = Debug|Any CPU
		{8BA6BDAC-3F53-4FAC-8A02-D2EF0CADA637}.Debug|Any CPU.Build.0 = Debug|Any CPU
		{8BA6BDAC-3F53-4FAC-8A02-D2EF0CADA637}.Release|Any CPU.ActiveCfg = Release|Any CPU
		{8BA6BDAC-3F53-4FAC-8A02-D2EF0CADA637}.Release|Any CPU.Build.0 = Release|Any CPU
	EndGlobalSection
	GlobalSection(SolutionProperties) = preSolution
		HideSolutionNode = FALSE
	EndGlobalSection
EndGlobal
